// !$*UTF8*$!
{
	archiveVersion = 1;
	classes = {
	};
	objectVersion = 56;
	objects = {

/* Begin PBXBuildFile section */
		EF1B6EB82A2378DA000AE4BB /* UIButton + ext.swift in Sources */ = {isa = PBXBuildFile; fileRef = EF1B6EB72A2378DA000AE4BB /* UIButton + ext.swift */; };
		EF1B6EBA2A237B8E000AE4BB /* UIStackView + ext.swift in Sources */ = {isa = PBXBuildFile; fileRef = EF1B6EB92A237B8E000AE4BB /* UIStackView + ext.swift */; };
		EF753AA12A08DE9C0011B561 /* AppDelegate.swift in Sources */ = {isa = PBXBuildFile; fileRef = EF753AA02A08DE9C0011B561 /* AppDelegate.swift */; };
		EF753AA32A08DE9C0011B561 /* SceneDelegate.swift in Sources */ = {isa = PBXBuildFile; fileRef = EF753AA22A08DE9C0011B561 /* SceneDelegate.swift */; };
		EF753AA52A08DE9C0011B561 /* MainViewController.swift in Sources */ = {isa = PBXBuildFile; fileRef = EF753AA42A08DE9C0011B561 /* MainViewController.swift */; };
		EF753AAA2A08DE9E0011B561 /* Assets.xcassets in Resources */ = {isa = PBXBuildFile; fileRef = EF753AA92A08DE9E0011B561 /* Assets.xcassets */; };
		EF753AAD2A08DE9E0011B561 /* LaunchScreen.storyboard in Resources */ = {isa = PBXBuildFile; fileRef = EF753AAB2A08DE9E0011B561 /* LaunchScreen.storyboard */; };
		EFF603072A4AF24700E0BA7B /* Game.swift in Sources */ = {isa = PBXBuildFile; fileRef = EFF603062A4AF24700E0BA7B /* Game.swift */; };
		EFF6030A2A4AF5DB00E0BA7B /* GameButton.swift in Sources */ = {isa = PBXBuildFile; fileRef = EFF603092A4AF5DB00E0BA7B /* GameButton.swift */; };
		EFF6030C2A4AFA1700E0BA7B /* MainView.swift in Sources */ = {isa = PBXBuildFile; fileRef = EFF6030B2A4AFA1700E0BA7B /* MainView.swift */; };
		EFF6030F2A4B022000E0BA7B /* DisplayView.swift in Sources */ = {isa = PBXBuildFile; fileRef = EFF6030E2A4B022000E0BA7B /* DisplayView.swift */; };
		EFF603112A4B04C200E0BA7B /* KeyboardView.swift in Sources */ = {isa = PBXBuildFile; fileRef = EFF603102A4B04C200E0BA7B /* KeyboardView.swift */; };
		EFF603142A4B2CBE00E0BA7B /* KeyboardViewDelegate.swift in Sources */ = {isa = PBXBuildFile; fileRef = EFF603132A4B2CBE00E0BA7B /* KeyboardViewDelegate.swift */; };
		EFF603162A4B4B1C00E0BA7B /* Int + ext.swift in Sources */ = {isa = PBXBuildFile; fileRef = EFF603152A4B4B1C00E0BA7B /* Int + ext.swift */; };
		EFF603182A4B5B3700E0BA7B /* MainViewDelegate.swift in Sources */ = {isa = PBXBuildFile; fileRef = EFF603172A4B5B3700E0BA7B /* MainViewDelegate.swift */; };
/* End PBXBuildFile section */

/* Begin PBXFileReference section */
		EF1B6EB72A2378DA000AE4BB /* UIButton + ext.swift */ = {isa = PBXFileReference; lastKnownFileType = sourcecode.swift; path = "UIButton + ext.swift"; sourceTree = "<group>"; };
		EF1B6EB92A237B8E000AE4BB /* UIStackView + ext.swift */ = {isa = PBXFileReference; lastKnownFileType = sourcecode.swift; path = "UIStackView + ext.swift"; sourceTree = "<group>"; };
		EF753A9D2A08DE9C0011B561 /* SimpleGame.app */ = {isa = PBXFileReference; explicitFileType = wrapper.application; includeInIndex = 0; path = SimpleGame.app; sourceTree = BUILT_PRODUCTS_DIR; };
		EF753AA02A08DE9C0011B561 /* AppDelegate.swift */ = {isa = PBXFileReference; lastKnownFileType = sourcecode.swift; path = AppDelegate.swift; sourceTree = "<group>"; };
		EF753AA22A08DE9C0011B561 /* SceneDelegate.swift */ = {isa = PBXFileReference; lastKnownFileType = sourcecode.swift; path = SceneDelegate.swift; sourceTree = "<group>"; };
		EF753AA42A08DE9C0011B561 /* MainViewController.swift */ = {isa = PBXFileReference; lastKnownFileType = sourcecode.swift; path = MainViewController.swift; sourceTree = "<group>"; };
		EF753AA92A08DE9E0011B561 /* Assets.xcassets */ = {isa = PBXFileReference; lastKnownFileType = folder.assetcatalog; path = Assets.xcassets; sourceTree = "<group>"; };
		EF753AAC2A08DE9E0011B561 /* Base */ = {isa = PBXFileReference; lastKnownFileType = file.storyboard; name = Base; path = Base.lproj/LaunchScreen.storyboard; sourceTree = "<group>"; };
		EF753AAE2A08DE9E0011B561 /* Info.plist */ = {isa = PBXFileReference; lastKnownFileType = text.plist.xml; path = Info.plist; sourceTree = "<group>"; };
		EFF603062A4AF24700E0BA7B /* Game.swift */ = {isa = PBXFileReference; lastKnownFileType = sourcecode.swift; path = Game.swift; sourceTree = "<group>"; };
		EFF603092A4AF5DB00E0BA7B /* GameButton.swift */ = {isa = PBXFileReference; lastKnownFileType = sourcecode.swift; path = GameButton.swift; sourceTree = "<group>"; };
		EFF6030B2A4AFA1700E0BA7B /* MainView.swift */ = {isa = PBXFileReference; lastKnownFileType = sourcecode.swift; path = MainView.swift; sourceTree = "<group>"; };
		EFF6030E2A4B022000E0BA7B /* DisplayView.swift */ = {isa = PBXFileReference; lastKnownFileType = sourcecode.swift; path = DisplayView.swift; sourceTree = "<group>"; };
		EFF603102A4B04C200E0BA7B /* KeyboardView.swift */ = {isa = PBXFileReference; lastKnownFileType = sourcecode.swift; path = KeyboardView.swift; sourceTree = "<group>"; };
		EFF603132A4B2CBE00E0BA7B /* KeyboardViewDelegate.swift */ = {isa = PBXFileReference; lastKnownFileType = sourcecode.swift; path = KeyboardViewDelegate.swift; sourceTree = "<group>"; };
		EFF603152A4B4B1C00E0BA7B /* Int + ext.swift */ = {isa = PBXFileReference; lastKnownFileType = sourcecode.swift; path = "Int + ext.swift"; sourceTree = "<group>"; };
		EFF603172A4B5B3700E0BA7B /* MainViewDelegate.swift */ = {isa = PBXFileReference; lastKnownFileType = sourcecode.swift; path = MainViewDelegate.swift; sourceTree = "<group>"; };
/* End PBXFileReference section */

/* Begin PBXFrameworksBuildPhase section */
		EF753A9A2A08DE9C0011B561 /* Frameworks */ = {
			isa = PBXFrameworksBuildPhase;
			buildActionMask = 2147483647;
			files = (
			);
			runOnlyForDeploymentPostprocessing = 0;
		};
/* End PBXFrameworksBuildPhase section */

/* Begin PBXGroup section */
		EF1B6EB32A237511000AE4BB /* App */ = {
			isa = PBXGroup;
			children = (
				EF753AA02A08DE9C0011B561 /* AppDelegate.swift */,
				EF753AA22A08DE9C0011B561 /* SceneDelegate.swift */,
			);
			path = App;
			sourceTree = "<group>";
		};
		EF1B6EB42A23751A000AE4BB /* ViewControllers */ = {
			isa = PBXGroup;
			children = (
				EF753AA42A08DE9C0011B561 /* MainViewController.swift */,
			);
			path = ViewControllers;
			sourceTree = "<group>";
		};
		EF1B6EB52A237893000AE4BB /* SupportingFiles */ = {
			isa = PBXGroup;
			children = (
				EF753AA92A08DE9E0011B561 /* Assets.xcassets */,
				EF753AAB2A08DE9E0011B561 /* LaunchScreen.storyboard */,
				EF753AAE2A08DE9E0011B561 /* Info.plist */,
			);
			path = SupportingFiles;
			sourceTree = "<group>";
		};
		EF1B6EB62A2378C5000AE4BB /* Extension */ = {
			isa = PBXGroup;
			children = (
				EF1B6EB72A2378DA000AE4BB /* UIButton + ext.swift */,
				EF1B6EB92A237B8E000AE4BB /* UIStackView + ext.swift */,
				EFF603152A4B4B1C00E0BA7B /* Int + ext.swift */,
			);
			path = Extension;
			sourceTree = "<group>";
		};
		EF753A942A08DE9C0011B561 = {
			isa = PBXGroup;
			children = (
				EF753A9F2A08DE9C0011B561 /* SimpleGame */,
				EF753A9E2A08DE9C0011B561 /* Products */,
			);
			sourceTree = "<group>";
		};
		EF753A9E2A08DE9C0011B561 /* Products */ = {
			isa = PBXGroup;
			children = (
				EF753A9D2A08DE9C0011B561 /* SimpleGame.app */,
			);
			name = Products;
			sourceTree = "<group>";
		};
		EF753A9F2A08DE9C0011B561 /* SimpleGame */ = {
			isa = PBXGroup;
			children = (
				EF1B6EB32A237511000AE4BB /* App */,
				EFF603122A4B2C9700E0BA7B /* Protocol */,
				EFF603052A4AF23000E0BA7B /* Game */,
				EF1B6EB42A23751A000AE4BB /* ViewControllers */,
				EFF6030D2A4AFA1C00E0BA7B /* Views */,
				EFF603082A4AF5B200E0BA7B /* UIButton */,
				EF1B6EB62A2378C5000AE4BB /* Extension */,
				EF1B6EB52A237893000AE4BB /* SupportingFiles */,
			);
			path = SimpleGame;
			sourceTree = "<group>";
		};
		EFF603052A4AF23000E0BA7B /* Game */ = {
			isa = PBXGroup;
			children = (
				EFF603062A4AF24700E0BA7B /* Game.swift */,
			);
			path = Game;
			sourceTree = "<group>";
		};
		EFF603082A4AF5B200E0BA7B /* UIButton */ = {
			isa = PBXGroup;
			children = (
				EFF603092A4AF5DB00E0BA7B /* GameButton.swift */,
			);
			path = UIButton;
			sourceTree = "<group>";
		};
		EFF6030D2A4AFA1C00E0BA7B /* Views */ = {
			isa = PBXGroup;
			children = (
				EFF6030B2A4AFA1700E0BA7B /* MainView.swift */,
				EFF6030E2A4B022000E0BA7B /* DisplayView.swift */,
				EFF603102A4B04C200E0BA7B /* KeyboardView.swift */,
			);
			path = Views;
			sourceTree = "<group>";
		};
		EFF603122A4B2C9700E0BA7B /* Protocol */ = {
			isa = PBXGroup;
			children = (
				EFF603132A4B2CBE00E0BA7B /* KeyboardViewDelegate.swift */,
				EFF603172A4B5B3700E0BA7B /* MainViewDelegate.swift */,
			);
			path = Protocol;
			sourceTree = "<group>";
		};
/* End PBXGroup section */

/* Begin PBXNativeTarget section */
		EF753A9C2A08DE9C0011B561 /* SimpleGame */ = {
			isa = PBXNativeTarget;
			buildConfigurationList = EF753AB12A08DE9E0011B561 /* Build configuration list for PBXNativeTarget "SimpleGame" */;
			buildPhases = (
				EF753A992A08DE9C0011B561 /* Sources */,
				EF753A9A2A08DE9C0011B561 /* Frameworks */,
				EF753A9B2A08DE9C0011B561 /* Resources */,
			);
			buildRules = (
			);
			dependencies = (
			);
			name = SimpleGame;
			productName = SimpleGame;
			productReference = EF753A9D2A08DE9C0011B561 /* SimpleGame.app */;
			productType = "com.apple.product-type.application";
		};
/* End PBXNativeTarget section */

/* Begin PBXProject section */
		EF753A952A08DE9C0011B561 /* Project object */ = {
			isa = PBXProject;
			attributes = {
				BuildIndependentTargetsInParallel = 1;
				LastSwiftUpdateCheck = 1420;
				LastUpgradeCheck = 1420;
				TargetAttributes = {
					EF753A9C2A08DE9C0011B561 = {
						CreatedOnToolsVersion = 14.2;
					};
				};
			};
			buildConfigurationList = EF753A982A08DE9C0011B561 /* Build configuration list for PBXProject "SimpleGame" */;
			compatibilityVersion = "Xcode 14.0";
			developmentRegion = en;
			hasScannedForEncodings = 0;
			knownRegions = (
				en,
				Base,
			);
			mainGroup = EF753A942A08DE9C0011B561;
			productRefGroup = EF753A9E2A08DE9C0011B561 /* Products */;
			projectDirPath = "";
			projectRoot = "";
			targets = (
				EF753A9C2A08DE9C0011B561 /* SimpleGame */,
			);
		};
/* End PBXProject section */

/* Begin PBXResourcesBuildPhase section */
		EF753A9B2A08DE9C0011B561 /* Resources */ = {
			isa = PBXResourcesBuildPhase;
			buildActionMask = 2147483647;
			files = (
				EF753AAD2A08DE9E0011B561 /* LaunchScreen.storyboard in Resources */,
				EF753AAA2A08DE9E0011B561 /* Assets.xcassets in Resources */,
			);
			runOnlyForDeploymentPostprocessing = 0;
		};
/* End PBXResourcesBuildPhase section */

/* Begin PBXSourcesBuildPhase section */
		EF753A992A08DE9C0011B561 /* Sources */ = {
			isa = PBXSourcesBuildPhase;
			buildActionMask = 2147483647;
			files = (
				EFF6030F2A4B022000E0BA7B /* DisplayView.swift in Sources */,
				EFF603162A4B4B1C00E0BA7B /* Int + ext.swift in Sources */,
				EF753AA52A08DE9C0011B561 /* MainViewController.swift in Sources */,
				EFF6030C2A4AFA1700E0BA7B /* MainView.swift in Sources */,
				EFF603112A4B04C200E0BA7B /* KeyboardView.swift in Sources */,
				EFF6030A2A4AF5DB00E0BA7B /* GameButton.swift in Sources */,
				EFF603072A4AF24700E0BA7B /* Game.swift in Sources */,
				EFF603142A4B2CBE00E0BA7B /* KeyboardViewDelegate.swift in Sources */,
				EF1B6EB82A2378DA000AE4BB /* UIButton + ext.swift in Sources */,
				EF753AA12A08DE9C0011B561 /* AppDelegate.swift in Sources */,
				EFF603182A4B5B3700E0BA7B /* MainViewDelegate.swift in Sources */,
				EF753AA32A08DE9C0011B561 /* SceneDelegate.swift in Sources */,
				EF1B6EBA2A237B8E000AE4BB /* UIStackView + ext.swift in Sources */,
			);
			runOnlyForDeploymentPostprocessing = 0;
		};
/* End PBXSourcesBuildPhase section */

/* Begin PBXVariantGroup section */
		EF753AAB2A08DE9E0011B561 /* LaunchScreen.storyboard */ = {
			isa = PBXVariantGroup;
			children = (
				EF753AAC2A08DE9E0011B561 /* Base */,
			);
			name = LaunchScreen.storyboard;
			sourceTree = "<group>";
		};
/* End PBXVariantGroup section */

/* Begin XCBuildConfiguration section */
		EF753AAF2A08DE9E0011B561 /* Debug */ = {
			isa = XCBuildConfiguration;
			buildSettings = {
				ALWAYS_SEARCH_USER_PATHS = NO;
				CLANG_ANALYZER_NONNULL = YES;
				CLANG_ANALYZER_NUMBER_OBJECT_CONVERSION = YES_AGGRESSIVE;
				CLANG_CXX_LANGUAGE_STANDARD = "gnu++20";
				CLANG_ENABLE_MODULES = YES;
				CLANG_ENABLE_OBJC_ARC = YES;
				CLANG_ENABLE_OBJC_WEAK = YES;
				CLANG_WARN_BLOCK_CAPTURE_AUTORELEASING = YES;
				CLANG_WARN_BOOL_CONVERSION = YES;
				CLANG_WARN_COMMA = YES;
				CLANG_WARN_CONSTANT_CONVERSION = YES;
				CLANG_WARN_DEPRECATED_OBJC_IMPLEMENTATIONS = YES;
				CLANG_WARN_DIRECT_OBJC_ISA_USAGE = YES_ERROR;
				CLANG_WARN_DOCUMENTATION_COMMENTS = YES;
				CLANG_WARN_EMPTY_BODY = YES;
				CLANG_WARN_ENUM_CONVERSION = YES;
				CLANG_WARN_INFINITE_RECURSION = YES;
				CLANG_WARN_INT_CONVERSION = YES;
				CLANG_WARN_NON_LITERAL_NULL_CONVERSION = YES;
				CLANG_WARN_OBJC_IMPLICIT_RETAIN_SELF = YES;
				CLANG_WARN_OBJC_LITERAL_CONVERSION = YES;
				CLANG_WARN_OBJC_ROOT_CLASS = YES_ERROR;
				CLANG_WARN_QUOTED_INCLUDE_IN_FRAMEWORK_HEADER = YES;
				CLANG_WARN_RANGE_LOOP_ANALYSIS = YES;
				CLANG_WARN_STRICT_PROTOTYPES = YES;
				CLANG_WARN_SUSPICIOUS_MOVE = YES;
				CLANG_WARN_UNGUARDED_AVAILABILITY = YES_AGGRESSIVE;
				CLANG_WARN_UNREACHABLE_CODE = YES;
				CLANG_WARN__DUPLICATE_METHOD_MATCH = YES;
				COPY_PHASE_STRIP = NO;
				DEBUG_INFORMATION_FORMAT = dwarf;
				ENABLE_STRICT_OBJC_MSGSEND = YES;
				ENABLE_TESTABILITY = YES;
				GCC_C_LANGUAGE_STANDARD = gnu11;
				GCC_DYNAMIC_NO_PIC = NO;
				GCC_NO_COMMON_BLOCKS = YES;
				GCC_OPTIMIZATION_LEVEL = 0;
				GCC_PREPROCESSOR_DEFINITIONS = (
					"DEBUG=1",
					"$(inherited)",
				);
				GCC_WARN_64_TO_32_BIT_CONVERSION = YES;
				GCC_WARN_ABOUT_RETURN_TYPE = YES_ERROR;
				GCC_WARN_UNDECLARED_SELECTOR = YES;
				GCC_WARN_UNINITIALIZED_AUTOS = YES_AGGRESSIVE;
				GCC_WARN_UNUSED_FUNCTION = YES;
				GCC_WARN_UNUSED_VARIABLE = YES;
				IPHONEOS_DEPLOYMENT_TARGET = 16.2;
				MTL_ENABLE_DEBUG_INFO = INCLUDE_SOURCE;
				MTL_FAST_MATH = YES;
				ONLY_ACTIVE_ARCH = YES;
				SDKROOT = iphoneos;
				SWIFT_ACTIVE_COMPILATION_CONDITIONS = DEBUG;
				SWIFT_OPTIMIZATION_LEVEL = "-Onone";
			};
			name = Debug;
		};
		EF753AB02A08DE9E0011B561 /* Release */ = {
			isa = XCBuildConfiguration;
			buildSettings = {
				ALWAYS_SEARCH_USER_PATHS = NO;
				CLANG_ANALYZER_NONNULL = YES;
				CLANG_ANALYZER_NUMBER_OBJECT_CONVERSION = YES_AGGRESSIVE;
				CLANG_CXX_LANGUAGE_STANDARD = "gnu++20";
				CLANG_ENABLE_MODULES = YES;
				CLANG_ENABLE_OBJC_ARC = YES;
				CLANG_ENABLE_OBJC_WEAK = YES;
				CLANG_WARN_BLOCK_CAPTURE_AUTORELEASING = YES;
				CLANG_WARN_BOOL_CONVERSION = YES;
				CLANG_WARN_COMMA = YES;
				CLANG_WARN_CONSTANT_CONVERSION = YES;
				CLANG_WARN_DEPRECATED_OBJC_IMPLEMENTATIONS = YES;
				CLANG_WARN_DIRECT_OBJC_ISA_USAGE = YES_ERROR;
				CLANG_WARN_DOCUMENTATION_COMMENTS = YES;
				CLANG_WARN_EMPTY_BODY = YES;
				CLANG_WARN_ENUM_CONVERSION = YES;
				CLANG_WARN_INFINITE_RECURSION = YES;
				CLANG_WARN_INT_CONVERSION = YES;
				CLANG_WARN_NON_LITERAL_NULL_CONVERSION = YES;
				CLANG_WARN_OBJC_IMPLICIT_RETAIN_SELF = YES;
				CLANG_WARN_OBJC_LITERAL_CONVERSION = YES;
				CLANG_WARN_OBJC_ROOT_CLASS = YES_ERROR;
				CLANG_WARN_QUOTED_INCLUDE_IN_FRAMEWORK_HEADER = YES;
				CLANG_WARN_RANGE_LOOP_ANALYSIS = YES;
				CLANG_WARN_STRICT_PROTOTYPES = YES;
				CLANG_WARN_SUSPICIOUS_MOVE = YES;
				CLANG_WARN_UNGUARDED_AVAILABILITY = YES_AGGRESSIVE;
				CLANG_WARN_UNREACHABLE_CODE = YES;
				CLANG_WARN__DUPLICATE_METHOD_MATCH = YES;
				COPY_PHASE_STRIP = NO;
				DEBUG_INFORMATION_FORMAT = "dwarf-with-dsym";
				ENABLE_NS_ASSERTIONS = NO;
				ENABLE_STRICT_OBJC_MSGSEND = YES;
				GCC_C_LANGUAGE_STANDARD = gnu11;
				GCC_NO_COMMON_BLOCKS = YES;
				GCC_WARN_64_TO_32_BIT_CONVERSION = YES;
				GCC_WARN_ABOUT_RETURN_TYPE = YES_ERROR;
				GCC_WARN_UNDECLARED_SELECTOR = YES;
				GCC_WARN_UNINITIALIZED_AUTOS = YES_AGGRESSIVE;
				GCC_WARN_UNUSED_FUNCTION = YES;
				GCC_WARN_UNUSED_VARIABLE = YES;
				IPHONEOS_DEPLOYMENT_TARGET = 16.2;
				MTL_ENABLE_DEBUG_INFO = NO;
				MTL_FAST_MATH = YES;
				SDKROOT = iphoneos;
				SWIFT_COMPILATION_MODE = wholemodule;
				SWIFT_OPTIMIZATION_LEVEL = "-O";
				VALIDATE_PRODUCT = YES;
			};
			name = Release;
		};
		EF753AB22A08DE9E0011B561 /* Debug */ = {
			isa = XCBuildConfiguration;
			buildSettings = {
				ASSETCATALOG_COMPILER_APPICON_NAME = AppIcon;
				ASSETCATALOG_COMPILER_GLOBAL_ACCENT_COLOR_NAME = AccentColor;
				CODE_SIGN_STYLE = Automatic;
				CURRENT_PROJECT_VERSION = 1;
				DEVELOPMENT_TEAM = 5AXXJ74V2C;
				GENERATE_INFOPLIST_FILE = YES;
				INFOPLIST_FILE = SimpleGame/SupportingFiles/Info.plist;
				INFOPLIST_KEY_UIApplicationSupportsIndirectInputEvents = YES;
				INFOPLIST_KEY_UILaunchStoryboardName = LaunchScreen;
				INFOPLIST_KEY_UISupportedInterfaceOrientations_iPad = "UIInterfaceOrientationPortrait UIInterfaceOrientationPortraitUpsideDown UIInterfaceOrientationLandscapeLeft UIInterfaceOrientationLandscapeRight";
				INFOPLIST_KEY_UISupportedInterfaceOrientations_iPhone = "UIInterfaceOrientationPortrait UIInterfaceOrientationLandscapeLeft UIInterfaceOrientationLandscapeRight";
				IPHONEOS_DEPLOYMENT_TARGET = 14.0;
				LD_RUNPATH_SEARCH_PATHS = (
					"$(inherited)",
					"@executable_path/Frameworks",
				);
				MARKETING_VERSION = 1.0;
				PRODUCT_BUNDLE_IDENTIFIER = OA.SimpleGame;
				PRODUCT_NAME = "$(TARGET_NAME)";
				SUPPORTED_PLATFORMS = "iphoneos iphonesimulator";
				SUPPORTS_MACCATALYST = NO;
				SUPPORTS_MAC_DESIGNED_FOR_IPHONE_IPAD = NO;
				SWIFT_EMIT_LOC_STRINGS = YES;
				SWIFT_VERSION = 5.0;
				TARGETED_DEVICE_FAMILY = 1;
			};
			name = Debug;
		};
		EF753AB32A08DE9E0011B561 /* Release */ = {
			isa = XCBuildConfiguration;
			buildSettings = {
				ASSETCATALOG_COMPILER_APPICON_NAME = AppIcon;
				ASSETCATALOG_COMPILER_GLOBAL_ACCENT_COLOR_NAME = AccentColor;
				CODE_SIGN_STYLE = Automatic;
				CURRENT_PROJECT_VERSION = 1;
				DEVELOPMENT_TEAM = 5AXXJ74V2C;
				GENERATE_INFOPLIST_FILE = YES;
				INFOPLIST_FILE = SimpleGame/SupportingFiles/Info.plist;
				INFOPLIST_KEY_UIApplicationSupportsIndirectInputEvents = YES;
				INFOPLIST_KEY_UILaunchStoryboardName = LaunchScreen;
				INFOPLIST_KEY_UISupportedInterfaceOrientations_iPad = "UIInterfaceOrientationPortrait UIInterfaceOrientationPortraitUpsideDown UIInterfaceOrientationLandscapeLeft UIInterfaceOrientationLandscapeRight";
				INFOPLIST_KEY_UISupportedInterfaceOrientations_iPhone = "UIInterfaceOrientationPortrait UIInterfaceOrientationLandscapeLeft UIInterfaceOrientationLandscapeRight";
				IPHONEOS_DEPLOYMENT_TARGET = 14.0;
				LD_RUNPATH_SEARCH_PATHS = (
					"$(inherited)",
					"@executable_path/Frameworks",
				);
				MARKETING_VERSION = 1.0;
				PRODUCT_BUNDLE_IDENTIFIER = OA.SimpleGame;
				PRODUCT_NAME = "$(TARGET_NAME)";
				SUPPORTED_PLATFORMS = "iphoneos iphonesimulator";
				SUPPORTS_MACCATALYST = NO;
				SUPPORTS_MAC_DESIGNED_FOR_IPHONE_IPAD = NO;
				SWIFT_EMIT_LOC_STRINGS = YES;
				SWIFT_VERSION = 5.0;
				TARGETED_DEVICE_FAMILY = 1;
			};
			name = Release;
		};
/* End XCBuildConfiguration section */

/* Begin XCConfigurationList section */
		EF753A982A08DE9C0011B561 /* Build configuration list for PBXProject "SimpleGame" */ = {
			isa = XCConfigurationList;
			buildConfigurations = (
				EF753AAF2A08DE9E0011B561 /* Debug */,
				EF753AB02A08DE9E0011B561 /* Release */,
			);
			defaultConfigurationIsVisible = 0;
			defaultConfigurationName = Release;
		};
		EF753AB12A08DE9E0011B561 /* Build configuration list for PBXNativeTarget "SimpleGame" */ = {
			isa = XCConfigurationList;
			buildConfigurations = (
				EF753AB22A08DE9E0011B561 /* Debug */,
				EF753AB32A08DE9E0011B561 /* Release */,
			);
			defaultConfigurationIsVisible = 0;
			defaultConfigurationName = Release;
		};
/* End XCConfigurationList section */
	};
	rootObject = EF753A952A08DE9C0011B561 /* Project object */;
}
